// !$*UTF8*$!
{
	archiveVersion = 1;
	classes = {
	};
	objectVersion = 51;
	objects = {

/* Begin PBXBuildFile section */
		85123BBE24F4BC6700679B70 /* RoundButton.swift in Sources */ = {isa = PBXBuildFile; fileRef = 85123BBD24F4BC6700679B70 /* RoundButton.swift */; };
		851FB45024E8DD0700BF3B10 /* SearchViewController.swift in Sources */ = {isa = PBXBuildFile; fileRef = 851FB44F24E8DD0700BF3B10 /* SearchViewController.swift */; };
		851FB45224E9F9AE00BF3B10 /* SearchResultCell.swift in Sources */ = {isa = PBXBuildFile; fileRef = 851FB45124E9F9AE00BF3B10 /* SearchResultCell.swift */; };
		851FB45424EA15FC00BF3B10 /* DrinksMananger.swift in Sources */ = {isa = PBXBuildFile; fileRef = 851FB45324EA15FC00BF3B10 /* DrinksMananger.swift */; };
		851FB45624ECD76D00BF3B10 /* NewDrinkViewController.swift in Sources */ = {isa = PBXBuildFile; fileRef = 851FB45524ECD76D00BF3B10 /* NewDrinkViewController.swift */; };
		8525801924E8832E005EAA04 /* DetailViewController.swift in Sources */ = {isa = PBXBuildFile; fileRef = 8525801824E8832E005EAA04 /* DetailViewController.swift */; };
		857010B124E4DC2100EBD073 /* AppDelegate.swift in Sources */ = {isa = PBXBuildFile; fileRef = 857010B024E4DC2100EBD073 /* AppDelegate.swift */; };
		857010B324E4DC2100EBD073 /* SceneDelegate.swift in Sources */ = {isa = PBXBuildFile; fileRef = 857010B224E4DC2100EBD073 /* SceneDelegate.swift */; };
		857010B524E4DC2100EBD073 /* DrinksViewController.swift in Sources */ = {isa = PBXBuildFile; fileRef = 857010B424E4DC2100EBD073 /* DrinksViewController.swift */; };
		857010B824E4DC2100EBD073 /* Main.storyboard in Resources */ = {isa = PBXBuildFile; fileRef = 857010B624E4DC2100EBD073 /* Main.storyboard */; };
		857010BB24E4DC2100EBD073 /* BarBackr.xcdatamodeld in Sources */ = {isa = PBXBuildFile; fileRef = 857010B924E4DC2100EBD073 /* BarBackr.xcdatamodeld */; };
		857010BD24E4DC2500EBD073 /* Assets.xcassets in Resources */ = {isa = PBXBuildFile; fileRef = 857010BC24E4DC2500EBD073 /* Assets.xcassets */; };
		857010C024E4DC2500EBD073 /* LaunchScreen.storyboard in Resources */ = {isa = PBXBuildFile; fileRef = 857010BE24E4DC2500EBD073 /* LaunchScreen.storyboard */; };
		85CECAEC24E889400076B440 /* CocktailCell.swift in Sources */ = {isa = PBXBuildFile; fileRef = 85CECAEB24E889400076B440 /* CocktailCell.swift */; };
		85D7F8E624E7687600F801CD /* Cocktail.swift in Sources */ = {isa = PBXBuildFile; fileRef = 85D7F8E524E7687600F801CD /* Cocktail.swift */; };
		85D7F8EB24E770D000F801CD /* Networking.swift in Sources */ = {isa = PBXBuildFile; fileRef = 85D7F8EA24E770D000F801CD /* Networking.swift */; };
		85D7F8EF24E84EDA00F801CD /* Extensions.swift in Sources */ = {isa = PBXBuildFile; fileRef = 85D7F8EE24E84EDA00F801CD /* Extensions.swift */; };
		85E5CCB624E8C028005AC228 /* IngredientsTableView.swift in Sources */ = {isa = PBXBuildFile; fileRef = 85E5CCB524E8C028005AC228 /* IngredientsTableView.swift */; };
		8D2ABA7559FB3B0838DC594F /* Pods_BarBackr.framework in Frameworks */ = {isa = PBXBuildFile; fileRef = 557AB8CD77CDC8BF38C8E5DF /* Pods_BarBackr.framework */; };
/* End PBXBuildFile section */

/* Begin PBXFileReference section */
		557AB8CD77CDC8BF38C8E5DF /* Pods_BarBackr.framework */ = {isa = PBXFileReference; explicitFileType = wrapper.framework; includeInIndex = 0; path = Pods_BarBackr.framework; sourceTree = BUILT_PRODUCTS_DIR; };
		5D09399D5CCBB7BD9D429656 /* Pods-BarBackr.debug.xcconfig */ = {isa = PBXFileReference; includeInIndex = 1; lastKnownFileType = text.xcconfig; name = "Pods-BarBackr.debug.xcconfig"; path = "Target Support Files/Pods-BarBackr/Pods-BarBackr.debug.xcconfig"; sourceTree = "<group>"; };
		85123BBD24F4BC6700679B70 /* RoundButton.swift */ = {isa = PBXFileReference; lastKnownFileType = sourcecode.swift; path = RoundButton.swift; sourceTree = "<group>"; };
		851FB44F24E8DD0700BF3B10 /* SearchViewController.swift */ = {isa = PBXFileReference; lastKnownFileType = sourcecode.swift; path = SearchViewController.swift; sourceTree = "<group>"; };
		851FB45124E9F9AE00BF3B10 /* SearchResultCell.swift */ = {isa = PBXFileReference; lastKnownFileType = sourcecode.swift; path = SearchResultCell.swift; sourceTree = "<group>"; };
		851FB45324EA15FC00BF3B10 /* DrinksMananger.swift */ = {isa = PBXFileReference; lastKnownFileType = sourcecode.swift; path = DrinksMananger.swift; sourceTree = "<group>"; };
		851FB45524ECD76D00BF3B10 /* NewDrinkViewController.swift */ = {isa = PBXFileReference; lastKnownFileType = sourcecode.swift; path = NewDrinkViewController.swift; sourceTree = "<group>"; };
		8525801824E8832E005EAA04 /* DetailViewController.swift */ = {isa = PBXFileReference; lastKnownFileType = sourcecode.swift; path = DetailViewController.swift; sourceTree = "<group>"; };
		857010AD24E4DC2100EBD073 /* BarBackr.app */ = {isa = PBXFileReference; explicitFileType = wrapper.application; includeInIndex = 0; path = BarBackr.app; sourceTree = BUILT_PRODUCTS_DIR; };
		857010B024E4DC2100EBD073 /* AppDelegate.swift */ = {isa = PBXFileReference; lastKnownFileType = sourcecode.swift; path = AppDelegate.swift; sourceTree = "<group>"; };
		857010B224E4DC2100EBD073 /* SceneDelegate.swift */ = {isa = PBXFileReference; lastKnownFileType = sourcecode.swift; path = SceneDelegate.swift; sourceTree = "<group>"; };
		857010B424E4DC2100EBD073 /* DrinksViewController.swift */ = {isa = PBXFileReference; lastKnownFileType = sourcecode.swift; path = DrinksViewController.swift; sourceTree = "<group>"; };
		857010B724E4DC2100EBD073 /* Base */ = {isa = PBXFileReference; lastKnownFileType = file.storyboard; name = Base; path = Base.lproj/Main.storyboard; sourceTree = "<group>"; };
		857010BA24E4DC2100EBD073 /* BarBackr.xcdatamodel */ = {isa = PBXFileReference; lastKnownFileType = wrapper.xcdatamodel; path = BarBackr.xcdatamodel; sourceTree = "<group>"; };
		857010BC24E4DC2500EBD073 /* Assets.xcassets */ = {isa = PBXFileReference; lastKnownFileType = folder.assetcatalog; path = Assets.xcassets; sourceTree = "<group>"; };
		857010BF24E4DC2500EBD073 /* Base */ = {isa = PBXFileReference; lastKnownFileType = file.storyboard; name = Base; path = Base.lproj/LaunchScreen.storyboard; sourceTree = "<group>"; };
		857010C124E4DC2500EBD073 /* Info.plist */ = {isa = PBXFileReference; lastKnownFileType = text.plist.xml; path = Info.plist; sourceTree = "<group>"; };
		85CECAEB24E889400076B440 /* CocktailCell.swift */ = {isa = PBXFileReference; lastKnownFileType = sourcecode.swift; path = CocktailCell.swift; sourceTree = "<group>"; };
		85D7F8E524E7687600F801CD /* Cocktail.swift */ = {isa = PBXFileReference; lastKnownFileType = sourcecode.swift; path = Cocktail.swift; sourceTree = "<group>"; };
		85D7F8EA24E770D000F801CD /* Networking.swift */ = {isa = PBXFileReference; lastKnownFileType = sourcecode.swift; path = Networking.swift; sourceTree = "<group>"; };
		85D7F8EE24E84EDA00F801CD /* Extensions.swift */ = {isa = PBXFileReference; lastKnownFileType = sourcecode.swift; path = Extensions.swift; sourceTree = "<group>"; };
		85E5CCB524E8C028005AC228 /* IngredientsTableView.swift */ = {isa = PBXFileReference; lastKnownFileType = sourcecode.swift; path = IngredientsTableView.swift; sourceTree = "<group>"; };
		B0DACEB4A6942A436DC5ABF4 /* Pods-BarBackr.release.xcconfig */ = {isa = PBXFileReference; includeInIndex = 1; lastKnownFileType = text.xcconfig; name = "Pods-BarBackr.release.xcconfig"; path = "Target Support Files/Pods-BarBackr/Pods-BarBackr.release.xcconfig"; sourceTree = "<group>"; };
/* End PBXFileReference section */

/* Begin PBXFrameworksBuildPhase section */
		857010AA24E4DC2100EBD073 /* Frameworks */ = {
			isa = PBXFrameworksBuildPhase;
			buildActionMask = 2147483647;
			files = (
				8D2ABA7559FB3B0838DC594F /* Pods_BarBackr.framework in Frameworks */,
			);
			runOnlyForDeploymentPostprocessing = 0;
		};
/* End PBXFrameworksBuildPhase section */

/* Begin PBXGroup section */
		75E95A141F4441535765AC98 /* Frameworks */ = {
			isa = PBXGroup;
			children = (
				557AB8CD77CDC8BF38C8E5DF /* Pods_BarBackr.framework */,
			);
			name = Frameworks;
			sourceTree = "<group>";
		};
		857010A424E4DC2100EBD073 = {
			isa = PBXGroup;
			children = (
				857010AF24E4DC2100EBD073 /* BarBackr */,
				857010AE24E4DC2100EBD073 /* Products */,
				FD1A9C7BC5FF656AD1FD8B6E /* Pods */,
				75E95A141F4441535765AC98 /* Frameworks */,
			);
			sourceTree = "<group>";
		};
		857010AE24E4DC2100EBD073 /* Products */ = {
			isa = PBXGroup;
			children = (
				857010AD24E4DC2100EBD073 /* BarBackr.app */,
			);
			name = Products;
			sourceTree = "<group>";
		};
		857010AF24E4DC2100EBD073 /* BarBackr */ = {
			isa = PBXGroup;
			children = (
				857010B024E4DC2100EBD073 /* AppDelegate.swift */,
				857010B224E4DC2100EBD073 /* SceneDelegate.swift */,
				85D7F8EC24E770D400F801CD /* Network */,
				85D7F8E724E7688100F801CD /* Model */,
				85D7F8E824E7688F00F801CD /* View Controllers */,
				85D7F8E924E7689800F801CD /* View */,
				85D7F8ED24E84EB800F801CD /* Helpers */,
				857010BC24E4DC2500EBD073 /* Assets.xcassets */,
				857010C124E4DC2500EBD073 /* Info.plist */,
				857010B924E4DC2100EBD073 /* BarBackr.xcdatamodeld */,
			);
			path = BarBackr;
			sourceTree = "<group>";
		};
		85D7F8E724E7688100F801CD /* Model */ = {
			isa = PBXGroup;
			children = (
				85D7F8E524E7687600F801CD /* Cocktail.swift */,
				851FB45324EA15FC00BF3B10 /* DrinksMananger.swift */,
			);
			path = Model;
			sourceTree = "<group>";
		};
		85D7F8E824E7688F00F801CD /* View Controllers */ = {
			isa = PBXGroup;
			children = (
				857010B424E4DC2100EBD073 /* DrinksViewController.swift */,
				8525801824E8832E005EAA04 /* DetailViewController.swift */,
				851FB44F24E8DD0700BF3B10 /* SearchViewController.swift */,
				851FB45524ECD76D00BF3B10 /* NewDrinkViewController.swift */,
			);
			path = "View Controllers";
			sourceTree = "<group>";
		};
		85D7F8E924E7689800F801CD /* View */ = {
			isa = PBXGroup;
			children = (
				857010B624E4DC2100EBD073 /* Main.storyboard */,
				857010BE24E4DC2500EBD073 /* LaunchScreen.storyboard */,
				85CECAEB24E889400076B440 /* CocktailCell.swift */,
				85E5CCB524E8C028005AC228 /* IngredientsTableView.swift */,
				851FB45124E9F9AE00BF3B10 /* SearchResultCell.swift */,
				85123BBD24F4BC6700679B70 /* RoundButton.swift */,
			);
			path = View;
			sourceTree = "<group>";
		};
		85D7F8EC24E770D400F801CD /* Network */ = {
			isa = PBXGroup;
			children = (
				85D7F8EA24E770D000F801CD /* Networking.swift */,
			);
			path = Network;
			sourceTree = "<group>";
		};
		85D7F8ED24E84EB800F801CD /* Helpers */ = {
			isa = PBXGroup;
			children = (
				85D7F8EE24E84EDA00F801CD /* Extensions.swift */,
			);
			path = Helpers;
			sourceTree = "<group>";
		};
		FD1A9C7BC5FF656AD1FD8B6E /* Pods */ = {
			isa = PBXGroup;
			children = (
				5D09399D5CCBB7BD9D429656 /* Pods-BarBackr.debug.xcconfig */,
				B0DACEB4A6942A436DC5ABF4 /* Pods-BarBackr.release.xcconfig */,
			);
			path = Pods;
			sourceTree = "<group>";
		};
/* End PBXGroup section */

/* Begin PBXNativeTarget section */
		857010AC24E4DC2100EBD073 /* BarBackr */ = {
			isa = PBXNativeTarget;
			buildConfigurationList = 857010C424E4DC2500EBD073 /* Build configuration list for PBXNativeTarget "BarBackr" */;
			buildPhases = (
				CBDF61701804CE7214FE27E9 /* [CP] Check Pods Manifest.lock */,
				857010A924E4DC2100EBD073 /* Sources */,
				857010AA24E4DC2100EBD073 /* Frameworks */,
				857010AB24E4DC2100EBD073 /* Resources */,
				A5F7589B354259BC8F4CAB74 /* [CP] Embed Pods Frameworks */,
			);
			buildRules = (
			);
			dependencies = (
			);
			name = BarBackr;
			productName = BarBackr;
			productReference = 857010AD24E4DC2100EBD073 /* BarBackr.app */;
			productType = "com.apple.product-type.application";
		};
/* End PBXNativeTarget section */

/* Begin PBXProject section */
		857010A524E4DC2100EBD073 /* Project object */ = {
			isa = PBXProject;
			attributes = {
				LastSwiftUpdateCheck = 1160;
				LastUpgradeCheck = 1160;
				ORGANIZATIONNAME = "RWbc Emilio";
				TargetAttributes = {
					857010AC24E4DC2100EBD073 = {
						CreatedOnToolsVersion = 11.6;
					};
				};
			};
			buildConfigurationList = 857010A824E4DC2100EBD073 /* Build configuration list for PBXProject "BarBackr" */;
			compatibilityVersion = "Xcode 9.3";
			developmentRegion = en;
			hasScannedForEncodings = 0;
			knownRegions = (
				en,
				Base,
			);
			mainGroup = 857010A424E4DC2100EBD073;
			productRefGroup = 857010AE24E4DC2100EBD073 /* Products */;
			projectDirPath = "";
			projectRoot = "";
			targets = (
				857010AC24E4DC2100EBD073 /* BarBackr */,
			);
		};
/* End PBXProject section */

/* Begin PBXResourcesBuildPhase section */
		857010AB24E4DC2100EBD073 /* Resources */ = {
			isa = PBXResourcesBuildPhase;
			buildActionMask = 2147483647;
			files = (
				857010C024E4DC2500EBD073 /* LaunchScreen.storyboard in Resources */,
				857010BD24E4DC2500EBD073 /* Assets.xcassets in Resources */,
				857010B824E4DC2100EBD073 /* Main.storyboard in Resources */,
			);
			runOnlyForDeploymentPostprocessing = 0;
		};
/* End PBXResourcesBuildPhase section */

/* Begin PBXShellScriptBuildPhase section */
		A5F7589B354259BC8F4CAB74 /* [CP] Embed Pods Frameworks */ = {
			isa = PBXShellScriptBuildPhase;
			buildActionMask = 2147483647;
			files = (
			);
			inputFileListPaths = (
				"${PODS_ROOT}/Target Support Files/Pods-BarBackr/Pods-BarBackr-frameworks-${CONFIGURATION}-input-files.xcfilelist",
			);
			name = "[CP] Embed Pods Frameworks";
			outputFileListPaths = (
				"${PODS_ROOT}/Target Support Files/Pods-BarBackr/Pods-BarBackr-frameworks-${CONFIGURATION}-output-files.xcfilelist",
			);
			runOnlyForDeploymentPostprocessing = 0;
			shellPath = /bin/sh;
			shellScript = "\"${PODS_ROOT}/Target Support Files/Pods-BarBackr/Pods-BarBackr-frameworks.sh\"\n";
			showEnvVarsInLog = 0;
		};
		CBDF61701804CE7214FE27E9 /* [CP] Check Pods Manifest.lock */ = {
			isa = PBXShellScriptBuildPhase;
			buildActionMask = 2147483647;
			files = (
			);
			inputFileListPaths = (
			);
			inputPaths = (
				"${PODS_PODFILE_DIR_PATH}/Podfile.lock",
				"${PODS_ROOT}/Manifest.lock",
			);
			name = "[CP] Check Pods Manifest.lock";
			outputFileListPaths = (
			);
			outputPaths = (
				"$(DERIVED_FILE_DIR)/Pods-BarBackr-checkManifestLockResult.txt",
			);
			runOnlyForDeploymentPostprocessing = 0;
			shellPath = /bin/sh;
			shellScript = "diff \"${PODS_PODFILE_DIR_PATH}/Podfile.lock\" \"${PODS_ROOT}/Manifest.lock\" > /dev/null\nif [ $? != 0 ] ; then\n    # print error to STDERR\n    echo \"error: The sandbox is not in sync with the Podfile.lock. Run 'pod install' or update your CocoaPods installation.\" >&2\n    exit 1\nfi\n# This output is used by Xcode 'outputs' to avoid re-running this script phase.\necho \"SUCCESS\" > \"${SCRIPT_OUTPUT_FILE_0}\"\n";
			showEnvVarsInLog = 0;
		};
/* End PBXShellScriptBuildPhase section */

/* Begin PBXSourcesBuildPhase section */
		857010A924E4DC2100EBD073 /* Sources */ = {
			isa = PBXSourcesBuildPhase;
			buildActionMask = 2147483647;
			files = (
				857010B524E4DC2100EBD073 /* DrinksViewController.swift in Sources */,
				851FB45224E9F9AE00BF3B10 /* SearchResultCell.swift in Sources */,
				851FB45624ECD76D00BF3B10 /* NewDrinkViewController.swift in Sources */,
				851FB45024E8DD0700BF3B10 /* SearchViewController.swift in Sources */,
				85D7F8E624E7687600F801CD /* Cocktail.swift in Sources */,
				85E5CCB624E8C028005AC228 /* IngredientsTableView.swift in Sources */,
				85123BBE24F4BC6700679B70 /* RoundButton.swift in Sources */,
				857010BB24E4DC2100EBD073 /* BarBackr.xcdatamodeld in Sources */,
				85D7F8EB24E770D000F801CD /* Networking.swift in Sources */,
				857010B124E4DC2100EBD073 /* AppDelegate.swift in Sources */,
				857010B324E4DC2100EBD073 /* SceneDelegate.swift in Sources */,
				85CECAEC24E889400076B440 /* CocktailCell.swift in Sources */,
				851FB45424EA15FC00BF3B10 /* DrinksMananger.swift in Sources */,
				85D7F8EF24E84EDA00F801CD /* Extensions.swift in Sources */,
				8525801924E8832E005EAA04 /* DetailViewController.swift in Sources */,
			);
			runOnlyForDeploymentPostprocessing = 0;
		};
/* End PBXSourcesBuildPhase section */

/* Begin PBXVariantGroup section */
		857010B624E4DC2100EBD073 /* Main.storyboard */ = {
			isa = PBXVariantGroup;
			children = (
				857010B724E4DC2100EBD073 /* Base */,
			);
			name = Main.storyboard;
			sourceTree = "<group>";
		};
		857010BE24E4DC2500EBD073 /* LaunchScreen.storyboard */ = {
			isa = PBXVariantGroup;
			children = (
				857010BF24E4DC2500EBD073 /* Base */,
			);
			name = LaunchScreen.storyboard;
			sourceTree = "<group>";
		};
/* End PBXVariantGroup section */

/* Begin XCBuildConfiguration section */
		857010C224E4DC2500EBD073 /* Debug */ = {
			isa = XCBuildConfiguration;
			buildSettings = {
				ALWAYS_SEARCH_USER_PATHS = NO;
				CLANG_ANALYZER_NONNULL = YES;
				CLANG_ANALYZER_NUMBER_OBJECT_CONVERSION = YES_AGGRESSIVE;
				CLANG_CXX_LANGUAGE_STANDARD = "gnu++14";
				CLANG_CXX_LIBRARY = "libc++";
				CLANG_ENABLE_MODULES = YES;
				CLANG_ENABLE_OBJC_ARC = YES;
				CLANG_ENABLE_OBJC_WEAK = YES;
				CLANG_WARN_BLOCK_CAPTURE_AUTORELEASING = YES;
				CLANG_WARN_BOOL_CONVERSION = YES;
				CLANG_WARN_COMMA = YES;
				CLANG_WARN_CONSTANT_CONVERSION = YES;
				CLANG_WARN_DEPRECATED_OBJC_IMPLEMENTATIONS = YES;
				CLANG_WARN_DIRECT_OBJC_ISA_USAGE = YES_ERROR;
				CLANG_WARN_DOCUMENTATION_COMMENTS = YES;
				CLANG_WARN_EMPTY_BODY = YES;
				CLANG_WARN_ENUM_CONVERSION = YES;
				CLANG_WARN_INFINITE_RECURSION = YES;
				CLANG_WARN_INT_CONVERSION = YES;
				CLANG_WARN_NON_LITERAL_NULL_CONVERSION = YES;
				CLANG_WARN_OBJC_IMPLICIT_RETAIN_SELF = YES;
				CLANG_WARN_OBJC_LITERAL_CONVERSION = YES;
				CLANG_WARN_OBJC_ROOT_CLASS = YES_ERROR;
				CLANG_WARN_RANGE_LOOP_ANALYSIS = YES;
				CLANG_WARN_STRICT_PROTOTYPES = YES;
				CLANG_WARN_SUSPICIOUS_MOVE = YES;
				CLANG_WARN_UNGUARDED_AVAILABILITY = YES_AGGRESSIVE;
				CLANG_WARN_UNREACHABLE_CODE = YES;
				CLANG_WARN__DUPLICATE_METHOD_MATCH = YES;
				COPY_PHASE_STRIP = NO;
				DEBUG_INFORMATION_FORMAT = dwarf;
				ENABLE_STRICT_OBJC_MSGSEND = YES;
				ENABLE_TESTABILITY = YES;
				GCC_C_LANGUAGE_STANDARD = gnu11;
				GCC_DYNAMIC_NO_PIC = NO;
				GCC_NO_COMMON_BLOCKS = YES;
				GCC_OPTIMIZATION_LEVEL = 0;
				GCC_PREPROCESSOR_DEFINITIONS = (
					"DEBUG=1",
					"$(inherited)",
				);
				GCC_WARN_64_TO_32_BIT_CONVERSION = YES;
				GCC_WARN_ABOUT_RETURN_TYPE = YES_ERROR;
				GCC_WARN_UNDECLARED_SELECTOR = YES;
				GCC_WARN_UNINITIALIZED_AUTOS = YES_AGGRESSIVE;
				GCC_WARN_UNUSED_FUNCTION = YES;
				GCC_WARN_UNUSED_VARIABLE = YES;
				IPHONEOS_DEPLOYMENT_TARGET = 13.6;
				MTL_ENABLE_DEBUG_INFO = INCLUDE_SOURCE;
				MTL_FAST_MATH = YES;
				ONLY_ACTIVE_ARCH = YES;
				SDKROOT = iphoneos;
				SWIFT_ACTIVE_COMPILATION_CONDITIONS = DEBUG;
				SWIFT_OPTIMIZATION_LEVEL = "-Onone";
			};
			name = Debug;
		};
		857010C324E4DC2500EBD073 /* Release */ = {
			isa = XCBuildConfiguration;
			buildSettings = {
				ALWAYS_SEARCH_USER_PATHS = NO;
				CLANG_ANALYZER_NONNULL = YES;
				CLANG_ANALYZER_NUMBER_OBJECT_CONVERSION = YES_AGGRESSIVE;
				CLANG_CXX_LANGUAGE_STANDARD = "gnu++14";
				CLANG_CXX_LIBRARY = "libc++";
				CLANG_ENABLE_MODULES = YES;
				CLANG_ENABLE_OBJC_ARC = YES;
				CLANG_ENABLE_OBJC_WEAK = YES;
				CLANG_WARN_BLOCK_CAPTURE_AUTORELEASING = YES;
				CLANG_WARN_BOOL_CONVERSION = YES;
				CLANG_WARN_COMMA = YES;
				CLANG_WARN_CONSTANT_CONVERSION = YES;
				CLANG_WARN_DEPRECATED_OBJC_IMPLEMENTATIONS = YES;
				CLANG_WARN_DIRECT_OBJC_ISA_USAGE = YES_ERROR;
				CLANG_WARN_DOCUMENTATION_COMMENTS = YES;
				CLANG_WARN_EMPTY_BODY = YES;
				CLANG_WARN_ENUM_CONVERSION = YES;
				CLANG_WARN_INFINITE_RECURSION = YES;
				CLANG_WARN_INT_CONVERSION = YES;
				CLANG_WARN_NON_LITERAL_NULL_CONVERSION = YES;
				CLANG_WARN_OBJC_IMPLICIT_RETAIN_SELF = YES;
				CLANG_WARN_OBJC_LITERAL_CONVERSION = YES;
				CLANG_WARN_OBJC_ROOT_CLASS = YES_ERROR;
				CLANG_WARN_RANGE_LOOP_ANALYSIS = YES;
				CLANG_WARN_STRICT_PROTOTYPES = YES;
				CLANG_WARN_SUSPICIOUS_MOVE = YES;
				CLANG_WARN_UNGUARDED_AVAILABILITY = YES_AGGRESSIVE;
				CLANG_WARN_UNREACHABLE_CODE = YES;
				CLANG_WARN__DUPLICATE_METHOD_MATCH = YES;
				COPY_PHASE_STRIP = NO;
				DEBUG_INFORMATION_FORMAT = "dwarf-with-dsym";
				ENABLE_NS_ASSERTIONS = NO;
				ENABLE_STRICT_OBJC_MSGSEND = YES;
				GCC_C_LANGUAGE_STANDARD = gnu11;
				GCC_NO_COMMON_BLOCKS = YES;
				GCC_WARN_64_TO_32_BIT_CONVERSION = YES;
				GCC_WARN_ABOUT_RETURN_TYPE = YES_ERROR;
				GCC_WARN_UNDECLARED_SELECTOR = YES;
				GCC_WARN_UNINITIALIZED_AUTOS = YES_AGGRESSIVE;
				GCC_WARN_UNUSED_FUNCTION = YES;
				GCC_WARN_UNUSED_VARIABLE = YES;
				IPHONEOS_DEPLOYMENT_TARGET = 13.6;
				MTL_ENABLE_DEBUG_INFO = NO;
				MTL_FAST_MATH = YES;
				SDKROOT = iphoneos;
				SWIFT_COMPILATION_MODE = wholemodule;
				SWIFT_OPTIMIZATION_LEVEL = "-O";
				VALIDATE_PRODUCT = YES;
			};
			name = Release;
		};
		857010C524E4DC2500EBD073 /* Debug */ = {
			isa = XCBuildConfiguration;
			baseConfigurationReference = 5D09399D5CCBB7BD9D429656 /* Pods-BarBackr.debug.xcconfig */;
			buildSettings = {
				ASSETCATALOG_COMPILER_APPICON_NAME = AppIcon;
				CODE_SIGN_STYLE = Automatic;
				DEVELOPMENT_TEAM = BAZYH78TPA;
				INFOPLIST_FILE = BarBackr/Info.plist;
				LD_RUNPATH_SEARCH_PATHS = (
					"$(inherited)",
					"@executable_path/Frameworks",
				);
				PRODUCT_BUNDLE_IDENTIFIER = com.rwbc.emilio.BarBackr;
				PRODUCT_NAME = "$(TARGET_NAME)";
				SWIFT_VERSION = 5.0;
				TARGETED_DEVICE_FAMILY = "1,2";
			};
			name = Debug;
		};
		857010C624E4DC2500EBD073 /* Release */ = {
			isa = XCBuildConfiguration;
			baseConfigurationReference = B0DACEB4A6942A436DC5ABF4 /* Pods-BarBackr.release.xcconfig */;
			buildSettings = {
				ASSETCATALOG_COMPILER_APPICON_NAME = AppIcon;
				CODE_SIGN_STYLE = Automatic;
				DEVELOPMENT_TEAM = BAZYH78TPA;
				INFOPLIST_FILE = BarBackr/Info.plist;
				LD_RUNPATH_SEARCH_PATHS = (
					"$(inherited)",
					"@executable_path/Frameworks",
				);
				PRODUCT_BUNDLE_IDENTIFIER = com.rwbc.emilio.BarBackr;
				PRODUCT_NAME = "$(TARGET_NAME)";
				SWIFT_VERSION = 5.0;
				TARGETED_DEVICE_FAMILY = "1,2";
			};
			name = Release;
		};
/* End XCBuildConfiguration section */

/* Begin XCConfigurationList section */
		857010A824E4DC2100EBD073 /* Build configuration list for PBXProject "BarBackr" */ = {
			isa = XCConfigurationList;
			buildConfigurations = (
				857010C224E4DC2500EBD073 /* Debug */,
				857010C324E4DC2500EBD073 /* Release */,
			);
			defaultConfigurationIsVisible = 0;
			defaultConfigurationName = Release;
		};
		857010C424E4DC2500EBD073 /* Build configuration list for PBXNativeTarget "BarBackr" */ = {
			isa = XCConfigurationList;
			buildConfigurations = (
				857010C524E4DC2500EBD073 /* Debug */,
				857010C624E4DC2500EBD073 /* Release */,
			);
			defaultConfigurationIsVisible = 0;
			defaultConfigurationName = Release;
		};
/* End XCConfigurationList section */

/* Begin XCVersionGroup section */
		857010B924E4DC2100EBD073 /* BarBackr.xcdatamodeld */ = {
			isa = XCVersionGroup;
			children = (
				857010BA24E4DC2100EBD073 /* BarBackr.xcdatamodel */,
			);
			currentVersion = 857010BA24E4DC2100EBD073 /* BarBackr.xcdatamodel */;
			path = BarBackr.xcdatamodeld;
			sourceTree = "<group>";
			versionGroupType = wrapper.xcdatamodel;
		};
/* End XCVersionGroup section */
	};
	rootObject = 857010A524E4DC2100EBD073 /* Project object */;
}
